
Microsoft Visual Studio Solution File, Format Version 12.00
# Visual Studio 15
VisualStudioVersion = 15.0.28010.2046
MinimumVisualStudioVersion = 10.0.40219.1
Project("{2150E333-8FDC-42A3-9474-1A3956D46DE8}") = "Practice", "Practice", "{E82CE06D-B3A9-46D0-99FD-B513F545641A}"
EndProject
Project("{2150E333-8FDC-42A3-9474-1A3956D46DE8}") = "Assignment", "Assignment", "{3C4A10DA-5208-46AE-B59D-17284FF172F7}"
EndProject
Project("{8BC9CEB8-8B4A-11D0-8D11-00A0C91BC942}") = "Lesson 1", "Lesson\Lesson 1\Lesson 1.vcxproj", "{35C4740F-6CAD-4969-973C-BD36D133D59F}"
EndProject
Project("{8BC9CEB8-8B4A-11D0-8D11-00A0C91BC942}") = "Lesson 14", "Lesson\Lesson 14\Lesson 14.vcxproj", "{420426CD-3B8B-4494-B507-883FE6F347EA}"
EndProject
Project("{8BC9CEB8-8B4A-11D0-8D11-00A0C91BC942}") = "Recursive Function", "Assignment\Recursive Function\Recursive Function.vcxproj", "{C9861FC4-E273-45F4-9479-9766556132CD}"
EndProject
Project("{8BC9CEB8-8B4A-11D0-8D11-00A0C91BC942}") = "Predicted Decision", "Assignment\Predicted Decision\Predicted Decision.vcxproj", "{2B785055-BC69-47B5-83DC-8A0007515237}"
EndProject
Project("{8BC9CEB8-8B4A-11D0-8D11-00A0C91BC942}") = "Lesson 2", "Lesson\Lesson 2\Lesson 2.vcxproj", "{D95B5F27-AB4D-4327-9101-1BECF3AC4ACC}"
EndProject
Project("{8BC9CEB8-8B4A-11D0-8D11-00A0C91BC942}") = "Lesson 3", "Lesson\Lesson 3\Lesson 3.vcxproj", "{D773B14D-D82F-47AB-8085-63DF322AF354}"
EndProject
Project("{8BC9CEB8-8B4A-11D0-8D11-00A0C91BC942}") = "Lesson 4", "Lesson\Lesson 4\Lesson 4.vcxproj", "{AD4952A4-8668-4C06-BC08-DC321D0D25B3}"
EndProject
Project("{8BC9CEB8-8B4A-11D0-8D11-00A0C91BC942}") = "Lesson 5", "Lesson\Lesson 5\Lesson 5.vcxproj", "{121C6043-47FF-4B6F-B9E0-48DAD89129A5}"
EndProject
Project("{8BC9CEB8-8B4A-11D0-8D11-00A0C91BC942}") = "Lesson 6", "Lesson\Lesson 6\Lesson 6.vcxproj", "{38D2BA24-CB17-4F41-8E81-0744DDD1AFE9}"
EndProject
Project("{8BC9CEB8-8B4A-11D0-8D11-00A0C91BC942}") = "Lesson 7", "Lesson\Lesson 7\Lesson 7.vcxproj", "{1E4AC1B2-1FBB-41FF-BF01-642ABB4EB0B5}"
EndProject
Project("{8BC9CEB8-8B4A-11D0-8D11-00A0C91BC942}") = "Lesson 8", "Lesson\Lesson 8\Lesson 8.vcxproj", "{75B417D2-04CD-4A16-A262-936F86E7A2AE}"
EndProject
Project("{8BC9CEB8-8B4A-11D0-8D11-00A0C91BC942}") = "Lesson 9", "Lesson\Lesson 9\Lesson 9.vcxproj", "{EA621F97-CB28-48D4-AA5D-E022147C5DC3}"
EndProject
Project("{8BC9CEB8-8B4A-11D0-8D11-00A0C91BC942}") = "Lesson 10", "Lesson\Lesson 10\Lesson 10.vcxproj", "{0F2DA3F4-2924-463F-B9F6-103C070EF82F}"
EndProject
Project("{8BC9CEB8-8B4A-11D0-8D11-00A0C91BC942}") = "Lesson 11", "Lesson\Lesson 11\Lesson 11.vcxproj", "{8546BEDE-D4E8-4055-A0E9-711AF9401CD8}"
EndProject
Project("{8BC9CEB8-8B4A-11D0-8D11-00A0C91BC942}") = "Lesson 13", "Lesson\Lesson 13\Lesson 13.vcxproj", "{0359DD43-DBC4-4977-AF1C-9D4A13CF36C9}"
EndProject
Project("{8BC9CEB8-8B4A-11D0-8D11-00A0C91BC942}") = "Lesson 12", "Lesson\Lesson 12\Lesson 12.vcxproj", "{7101B7A0-CEBA-4232-841D-744AAF091186}"
EndProject
Global
	GlobalSection(SolutionConfigurationPlatforms) = preSolution
		Debug|x64 = Debug|x64
		Debug|x86 = Debug|x86
		Release|x64 = Release|x64
		Release|x86 = Release|x86
	EndGlobalSection
	GlobalSection(ProjectConfigurationPlatforms) = postSolution
		{35C4740F-6CAD-4969-973C-BD36D133D59F}.Debug|x64.ActiveCfg = Debug|x64
		{35C4740F-6CAD-4969-973C-BD36D133D59F}.Debug|x64.Build.0 = Debug|x64
		{35C4740F-6CAD-4969-973C-BD36D133D59F}.Debug|x86.ActiveCfg = Debug|Win32
		{35C4740F-6CAD-4969-973C-BD36D133D59F}.Debug|x86.Build.0 = Debug|Win32
		{35C4740F-6CAD-4969-973C-BD36D133D59F}.Release|x64.ActiveCfg = Release|x64
		{35C4740F-6CAD-4969-973C-BD36D133D59F}.Release|x64.Build.0 = Release|x64
		{35C4740F-6CAD-4969-973C-BD36D133D59F}.Release|x86.ActiveCfg = Release|Win32
		{35C4740F-6CAD-4969-973C-BD36D133D59F}.Release|x86.Build.0 = Release|Win32
		{420426CD-3B8B-4494-B507-883FE6F347EA}.Debug|x64.ActiveCfg = Debug|x64
		{420426CD-3B8B-4494-B507-883FE6F347EA}.Debug|x64.Build.0 = Debug|x64
		{420426CD-3B8B-4494-B507-883FE6F347EA}.Debug|x86.ActiveCfg = Debug|Win32
		{420426CD-3B8B-4494-B507-883FE6F347EA}.Debug|x86.Build.0 = Debug|Win32
		{420426CD-3B8B-4494-B507-883FE6F347EA}.Release|x64.ActiveCfg = Release|x64
		{420426CD-3B8B-4494-B507-883FE6F347EA}.Release|x64.Build.0 = Release|x64
		{420426CD-3B8B-4494-B507-883FE6F347EA}.Release|x86.ActiveCfg = Release|Win32
		{420426CD-3B8B-4494-B507-883FE6F347EA}.Release|x86.Build.0 = Release|Win32
		{C9861FC4-E273-45F4-9479-9766556132CD}.Debug|x64.ActiveCfg = Debug|x64
		{C9861FC4-E273-45F4-9479-9766556132CD}.Debug|x64.Build.0 = Debug|x64
		{C9861FC4-E273-45F4-9479-9766556132CD}.Debug|x86.ActiveCfg = Debug|Win32
		{C9861FC4-E273-45F4-9479-9766556132CD}.Debug|x86.Build.0 = Debug|Win32
		{C9861FC4-E273-45F4-9479-9766556132CD}.Release|x64.ActiveCfg = Release|x64
		{C9861FC4-E273-45F4-9479-9766556132CD}.Release|x64.Build.0 = Release|x64
		{C9861FC4-E273-45F4-9479-9766556132CD}.Release|x86.ActiveCfg = Release|Win32
		{C9861FC4-E273-45F4-9479-9766556132CD}.Release|x86.Build.0 = Release|Win32
		{2B785055-BC69-47B5-83DC-8A0007515237}.Debug|x64.ActiveCfg = Debug|x64
		{2B785055-BC69-47B5-83DC-8A0007515237}.Debug|x64.Build.0 = Debug|x64
		{2B785055-BC69-47B5-83DC-8A0007515237}.Debug|x86.ActiveCfg = Debug|Win32
		{2B785055-BC69-47B5-83DC-8A0007515237}.Debug|x86.Build.0 = Debug|Win32
		{2B785055-BC69-47B5-83DC-8A0007515237}.Release|x64.ActiveCfg = Release|x64
		{2B785055-BC69-47B5-83DC-8A0007515237}.Release|x64.Build.0 = Release|x64
		{2B785055-BC69-47B5-83DC-8A0007515237}.Release|x86.ActiveCfg = Release|Win32
		{2B785055-BC69-47B5-83DC-8A0007515237}.Release|x86.Build.0 = Release|Win32
		{D95B5F27-AB4D-4327-9101-1BECF3AC4ACC}.Debug|x64.ActiveCfg = Debug|x64
		{D95B5F27-AB4D-4327-9101-1BECF3AC4ACC}.Debug|x64.Build.0 = Debug|x64
		{D95B5F27-AB4D-4327-9101-1BECF3AC4ACC}.Debug|x86.ActiveCfg = Debug|Win32
		{D95B5F27-AB4D-4327-9101-1BECF3AC4ACC}.Debug|x86.Build.0 = Debug|Win32
		{D95B5F27-AB4D-4327-9101-1BECF3AC4ACC}.Release|x64.ActiveCfg = Release|x64
		{D95B5F27-AB4D-4327-9101-1BECF3AC4ACC}.Release|x64.Build.0 = Release|x64
		{D95B5F27-AB4D-4327-9101-1BECF3AC4ACC}.Release|x86.ActiveCfg = Release|Win32
		{D95B5F27-AB4D-4327-9101-1BECF3AC4ACC}.Release|x86.Build.0 = Release|Win32
		{D773B14D-D82F-47AB-8085-63DF322AF354}.Debug|x64.ActiveCfg = Debug|x64
		{D773B14D-D82F-47AB-8085-63DF322AF354}.Debug|x64.Build.0 = Debug|x64
		{D773B14D-D82F-47AB-8085-63DF322AF354}.Debug|x86.ActiveCfg = Debug|Win32
		{D773B14D-D82F-47AB-8085-63DF322AF354}.Debug|x86.Build.0 = Debug|Win32
		{D773B14D-D82F-47AB-8085-63DF322AF354}.Release|x64.ActiveCfg = Release|x64
		{D773B14D-D82F-47AB-8085-63DF322AF354}.Release|x64.Build.0 = Release|x64
		{D773B14D-D82F-47AB-8085-63DF322AF354}.Release|x86.ActiveCfg = Release|Win32
		{D773B14D-D82F-47AB-8085-63DF322AF354}.Release|x86.Build.0 = Release|Win32
		{AD4952A4-8668-4C06-BC08-DC321D0D25B3}.Debug|x64.ActiveCfg = Debug|x64
		{AD4952A4-8668-4C06-BC08-DC321D0D25B3}.Debug|x64.Build.0 = Debug|x64
		{AD4952A4-8668-4C06-BC08-DC321D0D25B3}.Debug|x86.ActiveCfg = Debug|Win32
		{AD4952A4-8668-4C06-BC08-DC321D0D25B3}.Debug|x86.Build.0 = Debug|Win32
		{AD4952A4-8668-4C06-BC08-DC321D0D25B3}.Release|x64.ActiveCfg = Release|x64
		{AD4952A4-8668-4C06-BC08-DC321D0D25B3}.Release|x64.Build.0 = Release|x64
		{AD4952A4-8668-4C06-BC08-DC321D0D25B3}.Release|x86.ActiveCfg = Release|Win32
		{AD4952A4-8668-4C06-BC08-DC321D0D25B3}.Release|x86.Build.0 = Release|Win32
		{121C6043-47FF-4B6F-B9E0-48DAD89129A5}.Debug|x64.ActiveCfg = Debug|x64
		{121C6043-47FF-4B6F-B9E0-48DAD89129A5}.Debug|x64.Build.0 = Debug|x64
		{121C6043-47FF-4B6F-B9E0-48DAD89129A5}.Debug|x86.ActiveCfg = Debug|Win32
		{121C6043-47FF-4B6F-B9E0-48DAD89129A5}.Debug|x86.Build.0 = Debug|Win32
		{121C6043-47FF-4B6F-B9E0-48DAD89129A5}.Release|x64.ActiveCfg = Release|x64
		{121C6043-47FF-4B6F-B9E0-48DAD89129A5}.Release|x64.Build.0 = Release|x64
		{121C6043-47FF-4B6F-B9E0-48DAD89129A5}.Release|x86.ActiveCfg = Release|Win32
		{121C6043-47FF-4B6F-B9E0-48DAD89129A5}.Release|x86.Build.0 = Release|Win32
		{38D2BA24-CB17-4F41-8E81-0744DDD1AFE9}.Debug|x64.ActiveCfg = Debug|x64
		{38D2BA24-CB17-4F41-8E81-0744DDD1AFE9}.Debug|x64.Build.0 = Debug|x64
		{38D2BA24-CB17-4F41-8E81-0744DDD1AFE9}.Debug|x86.ActiveCfg = Debug|Win32
		{38D2BA24-CB17-4F41-8E81-0744DDD1AFE9}.Debug|x86.Build.0 = Debug|Win32
		{38D2BA24-CB17-4F41-8E81-0744DDD1AFE9}.Release|x64.ActiveCfg = Release|x64
		{38D2BA24-CB17-4F41-8E81-0744DDD1AFE9}.Release|x64.Build.0 = Release|x64
		{38D2BA24-CB17-4F41-8E81-0744DDD1AFE9}.Release|x86.ActiveCfg = Release|Win32
		{38D2BA24-CB17-4F41-8E81-0744DDD1AFE9}.Release|x86.Build.0 = Release|Win32
		{1E4AC1B2-1FBB-41FF-BF01-642ABB4EB0B5}.Debug|x64.ActiveCfg = Debug|x64
		{1E4AC1B2-1FBB-41FF-BF01-642ABB4EB0B5}.Debug|x64.Build.0 = Debug|x64
		{1E4AC1B2-1FBB-41FF-BF01-642ABB4EB0B5}.Debug|x86.ActiveCfg = Debug|Win32
		{1E4AC1B2-1FBB-41FF-BF01-642ABB4EB0B5}.Debug|x86.Build.0 = Debug|Win32
		{1E4AC1B2-1FBB-41FF-BF01-642ABB4EB0B5}.Release|x64.ActiveCfg = Release|x64
		{1E4AC1B2-1FBB-41FF-BF01-642ABB4EB0B5}.Release|x64.Build.0 = Release|x64
		{1E4AC1B2-1FBB-41FF-BF01-642ABB4EB0B5}.Release|x86.ActiveCfg = Release|Win32
		{1E4AC1B2-1FBB-41FF-BF01-642ABB4EB0B5}.Release|x86.Build.0 = Release|Win32
		{75B417D2-04CD-4A16-A262-936F86E7A2AE}.Debug|x64.ActiveCfg = Debug|x64
		{75B417D2-04CD-4A16-A262-936F86E7A2AE}.Debug|x64.Build.0 = Debug|x64
		{75B417D2-04CD-4A16-A262-936F86E7A2AE}.Debug|x86.ActiveCfg = Debug|Win32
		{75B417D2-04CD-4A16-A262-936F86E7A2AE}.Debug|x86.Build.0 = Debug|Win32
		{75B417D2-04CD-4A16-A262-936F86E7A2AE}.Release|x64.ActiveCfg = Release|x64
		{75B417D2-04CD-4A16-A262-936F86E7A2AE}.Release|x64.Build.0 = Release|x64
		{75B417D2-04CD-4A16-A262-936F86E7A2AE}.Release|x86.ActiveCfg = Release|Win32
		{75B417D2-04CD-4A16-A262-936F86E7A2AE}.Release|x86.Build.0 = Release|Win32
		{EA621F97-CB28-48D4-AA5D-E022147C5DC3}.Debug|x64.ActiveCfg = Debug|x64
		{EA621F97-CB28-48D4-AA5D-E022147C5DC3}.Debug|x64.Build.0 = Debug|x64
		{EA621F97-CB28-48D4-AA5D-E022147C5DC3}.Debug|x86.ActiveCfg = Debug|Win32
		{EA621F97-CB28-48D4-AA5D-E022147C5DC3}.Debug|x86.Build.0 = Debug|Win32
		{EA621F97-CB28-48D4-AA5D-E022147C5DC3}.Release|x64.ActiveCfg = Release|x64
		{EA621F97-CB28-48D4-AA5D-E022147C5DC3}.Release|x64.Build.0 = Release|x64
		{EA621F97-CB28-48D4-AA5D-E022147C5DC3}.Release|x86.ActiveCfg = Release|Win32
		{EA621F97-CB28-48D4-AA5D-E022147C5DC3}.Release|x86.Build.0 = Release|Win32
		{0F2DA3F4-2924-463F-B9F6-103C070EF82F}.Debug|x64.ActiveCfg = Debug|x64
		{0F2DA3F4-2924-463F-B9F6-103C070EF82F}.Debug|x64.Build.0 = Debug|x64
		{0F2DA3F4-2924-463F-B9F6-103C070EF82F}.Debug|x86.ActiveCfg = Debug|Win32
		{0F2DA3F4-2924-463F-B9F6-103C070EF82F}.Debug|x86.Build.0 = Debug|Win32
		{0F2DA3F4-2924-463F-B9F6-103C070EF82F}.Release|x64.ActiveCfg = Release|x64
		{0F2DA3F4-2924-463F-B9F6-103C070EF82F}.Release|x64.Build.0 = Release|x64
		{0F2DA3F4-2924-463F-B9F6-103C070EF82F}.Release|x86.ActiveCfg = Release|Win32
		{0F2DA3F4-2924-463F-B9F6-103C070EF82F}.Release|x86.Build.0 = Release|Win32
		{8546BEDE-D4E8-4055-A0E9-711AF9401CD8}.Debug|x64.ActiveCfg = Debug|x64
		{8546BEDE-D4E8-4055-A0E9-711AF9401CD8}.Debug|x64.Build.0 = Debug|x64
		{8546BEDE-D4E8-4055-A0E9-711AF9401CD8}.Debug|x86.ActiveCfg = Debug|Win32
		{8546BEDE-D4E8-4055-A0E9-711AF9401CD8}.Debug|x86.Build.0 = Debug|Win32
		{8546BEDE-D4E8-4055-A0E9-711AF9401CD8}.Release|x64.ActiveCfg = Release|x64
		{8546BEDE-D4E8-4055-A0E9-711AF9401CD8}.Release|x64.Build.0 = Release|x64
		{8546BEDE-D4E8-4055-A0E9-711AF9401CD8}.Release|x86.ActiveCfg = Release|Win32
		{8546BEDE-D4E8-4055-A0E9-711AF9401CD8}.Release|x86.Build.0 = Release|Win32
		{0359DD43-DBC4-4977-AF1C-9D4A13CF36C9}.Debug|x64.ActiveCfg = Debug|x64
		{0359DD43-DBC4-4977-AF1C-9D4A13CF36C9}.Debug|x64.Build.0 = Debug|x64
		{0359DD43-DBC4-4977-AF1C-9D4A13CF36C9}.Debug|x86.ActiveCfg = Debug|Win32
		{0359DD43-DBC4-4977-AF1C-9D4A13CF36C9}.Debug|x86.Build.0 = Debug|Win32
		{0359DD43-DBC4-4977-AF1C-9D4A13CF36C9}.Release|x64.ActiveCfg = Release|x64
		{0359DD43-DBC4-4977-AF1C-9D4A13CF36C9}.Release|x64.Build.0 = Release|x64
		{0359DD43-DBC4-4977-AF1C-9D4A13CF36C9}.Release|x86.ActiveCfg = Release|Win32
		{0359DD43-DBC4-4977-AF1C-9D4A13CF36C9}.Release|x86.Build.0 = Release|Win32
		{7101B7A0-CEBA-4232-841D-744AAF091186}.Debug|x64.ActiveCfg = Debug|x64
		{7101B7A0-CEBA-4232-841D-744AAF091186}.Debug|x64.Build.0 = Debug|x64
		{7101B7A0-CEBA-4232-841D-744AAF091186}.Debug|x86.ActiveCfg = Debug|Win32
		{7101B7A0-CEBA-4232-841D-744AAF091186}.Debug|x86.Build.0 = Debug|Win32
		{7101B7A0-CEBA-4232-841D-744AAF091186}.Release|x64.ActiveCfg = Release|x64
		{7101B7A0-CEBA-4232-841D-744AAF091186}.Release|x64.Build.0 = Release|x64
		{7101B7A0-CEBA-4232-841D-744AAF091186}.Release|x86.ActiveCfg = Release|Win32
		{7101B7A0-CEBA-4232-841D-744AAF091186}.Release|x86.Build.0 = Release|Win32
	EndGlobalSection
	GlobalSection(SolutionProperties) = preSolution
		HideSolutionNode = FALSE
	EndGlobalSection
	GlobalSection(NestedProjects) = preSolution
		{35C4740F-6CAD-4969-973C-BD36D133D59F} = {E82CE06D-B3A9-46D0-99FD-B513F545641A}
		{420426CD-3B8B-4494-B507-883FE6F347EA} = {E82CE06D-B3A9-46D0-99FD-B513F545641A}
		{C9861FC4-E273-45F4-9479-9766556132CD} = {3C4A10DA-5208-46AE-B59D-17284FF172F7}
		{2B785055-BC69-47B5-83DC-8A0007515237} = {3C4A10DA-5208-46AE-B59D-17284FF172F7}
		{D95B5F27-AB4D-4327-9101-1BECF3AC4ACC} = {E82CE06D-B3A9-46D0-99FD-B513F545641A}
		{D773B14D-D82F-47AB-8085-63DF322AF354} = {E82CE06D-B3A9-46D0-99FD-B513F545641A}
		{AD4952A4-8668-4C06-BC08-DC321D0D25B3} = {E82CE06D-B3A9-46D0-99FD-B513F545641A}
		{121C6043-47FF-4B6F-B9E0-48DAD89129A5} = {E82CE06D-B3A9-46D0-99FD-B513F545641A}
		{38D2BA24-CB17-4F41-8E81-0744DDD1AFE9} = {E82CE06D-B3A9-46D0-99FD-B513F545641A}
		{1E4AC1B2-1FBB-41FF-BF01-642ABB4EB0B5} = {E82CE06D-B3A9-46D0-99FD-B513F545641A}
		{75B417D2-04CD-4A16-A262-936F86E7A2AE} = {E82CE06D-B3A9-46D0-99FD-B513F545641A}
		{EA621F97-CB28-48D4-AA5D-E022147C5DC3} = {E82CE06D-B3A9-46D0-99FD-B513F545641A}
		{0F2DA3F4-2924-463F-B9F6-103C070EF82F} = {E82CE06D-B3A9-46D0-99FD-B513F545641A}
		{8546BEDE-D4E8-4055-A0E9-711AF9401CD8} = {E82CE06D-B3A9-46D0-99FD-B513F545641A}
		{0359DD43-DBC4-4977-AF1C-9D4A13CF36C9} = {E82CE06D-B3A9-46D0-99FD-B513F545641A}
		{7101B7A0-CEBA-4232-841D-744AAF091186} = {E82CE06D-B3A9-46D0-99FD-B513F545641A}
	EndGlobalSection
	GlobalSection(ExtensibilityGlobals) = postSolution
		SolutionGuid = {18FE80A0-4E3D-44C2-8F6A-7DC5D6256CC2}
	EndGlobalSection
EndGlobal
